
Microsoft Visual Studio Solution File, Format Version 12.00
# Visual Studio Version 16
VisualStudioVersion = 16.0.33027.164
MinimumVisualStudioVersion = 10.0.40219.1
Project("{8BC9CEB8-8B4A-11D0-8D11-00A0C91BC942}") = "LeetCode 1047. Remove All Adjacent Duplicates In String", "LeetCode 1047. Remove All Adjacent Duplicates In String\LeetCode 1047. Remove All Adjacent Duplicates In String.vcxproj", "{AFBFFE2A-858B-4F8A-9F3E-F802D7370AEB}"
EndProject
Global
	GlobalSection(SolutionConfigurationPlatforms) = preSolution
		Debug|x64 = Debug|x64
		Debug|x86 = Debug|x86
		Release|x64 = Release|x64
		Release|x86 = Release|x86
	EndGlobalSection
	GlobalSection(ProjectConfigurationPlatforms) = postSolution
		{AFBFFE2A-858B-4F8A-9F3E-F802D7370AEB}.Debug|x64.ActiveCfg = Debug|x64
		{AFBFFE2A-858B-4F8A-9F3E-F802D7370AEB}.Debug|x64.Build.0 = Debug|x64
		{AFBFFE2A-858B-4F8A-9F3E-F802D7370AEB}.Debug|x86.ActiveCfg = Debug|Win32
		{AFBFFE2A-858B-4F8A-9F3E-F802D7370AEB}.Debug|x86.Build.0 = Debug|Win32
		{AFBFFE2A-858B-4F8A-9F3E-F802D7370AEB}.Release|x64.ActiveCfg = Release|x64
		{AFBFFE2A-858B-4F8A-9F3E-F802D7370AEB}.Release|x64.Build.0 = Release|x64
		{AFBFFE2A-858B-4F8A-9F3E-F802D7370AEB}.Release|x86.ActiveCfg = Release|Win32
		{AFBFFE2A-858B-4F8A-9F3E-F802D7370AEB}.Release|x86.Build.0 = Release|Win32
	EndGlobalSection
	GlobalSection(SolutionProperties) = preSolution
		HideSolutionNode = FALSE
	EndGlobalSection
	GlobalSection(ExtensibilityGlobals) = postSolution
		SolutionGuid = {70F6AAE9-A923-42C6-898E-F22729C97E78}
	EndGlobalSection
EndGlobal
