
Microsoft Visual Studio Solution File, Format Version 12.00
# Visual Studio Version 16
VisualStudioVersion = 16.0.33027.164
MinimumVisualStudioVersion = 10.0.40219.1
Project("{FAE04EC0-301F-11D3-BF4B-00C04F79EFBC}") = "LeetCode IsPalindrom", "LeetCode IsPalindrom\LeetCode IsPalindrom.csproj", "{5EF3B6FF-9ECF-4653-991E-D42D24E8D96F}"
EndProject
Global
	GlobalSection(SolutionConfigurationPlatforms) = preSolution
		Debug|Any CPU = Debug|Any CPU
		Release|Any CPU = Release|Any CPU
	EndGlobalSection
	GlobalSection(ProjectConfigurationPlatforms) = postSolution
		{5EF3B6FF-9ECF-4653-991E-D42D24E8D96F}.Debug|Any CPU.ActiveCfg = Debug|Any CPU
		{5EF3B6FF-9ECF-4653-991E-D42D24E8D96F}.Debug|Any CPU.Build.0 = Debug|Any CPU
		{5EF3B6FF-9ECF-4653-991E-D42D24E8D96F}.Release|Any CPU.ActiveCfg = Release|Any CPU
		{5EF3B6FF-9ECF-4653-991E-D42D24E8D96F}.Release|Any CPU.Build.0 = Release|Any CPU
	EndGlobalSection
	GlobalSection(SolutionProperties) = preSolution
		HideSolutionNode = FALSE
	EndGlobalSection
	GlobalSection(ExtensibilityGlobals) = postSolution
		SolutionGuid = {DE627715-D86E-4636-B745-2736B229FFAA}
	EndGlobalSection
EndGlobal
