
Microsoft Visual Studio Solution File, Format Version 12.00
# Visual Studio Version 16
VisualStudioVersion = 16.0.33027.164
MinimumVisualStudioVersion = 10.0.40219.1
Project("{FAE04EC0-301F-11D3-BF4B-00C04F79EFBC}") = "Medium LeetCode 88. Merge Sorted Array", "Medium LeetCode 88. Merge Sorted Array.csproj", "{D07A28B3-FECE-4A1E-88CB-D2611BA52542}"
EndProject
Global
	GlobalSection(SolutionConfigurationPlatforms) = preSolution
		Debug|Any CPU = Debug|Any CPU
		Release|Any CPU = Release|Any CPU
	EndGlobalSection
	GlobalSection(ProjectConfigurationPlatforms) = postSolution
		{D07A28B3-FECE-4A1E-88CB-D2611BA52542}.Debug|Any CPU.ActiveCfg = Debug|Any CPU
		{D07A28B3-FECE-4A1E-88CB-D2611BA52542}.Debug|Any CPU.Build.0 = Debug|Any CPU
		{D07A28B3-FECE-4A1E-88CB-D2611BA52542}.Release|Any CPU.ActiveCfg = Release|Any CPU
		{D07A28B3-FECE-4A1E-88CB-D2611BA52542}.Release|Any CPU.Build.0 = Release|Any CPU
	EndGlobalSection
	GlobalSection(SolutionProperties) = preSolution
		HideSolutionNode = FALSE
	EndGlobalSection
	GlobalSection(ExtensibilityGlobals) = postSolution
		SolutionGuid = {E3B154CC-CE5B-4DC5-AF8B-50D32D580DBD}
	EndGlobalSection
EndGlobal
