
Microsoft Visual Studio Solution File, Format Version 12.00
# Visual Studio Version 16
VisualStudioVersion = 16.0.33027.164
MinimumVisualStudioVersion = 10.0.40219.1
Project("{FAE04EC0-301F-11D3-BF4B-00C04F79EFBC}") = "CSharp lesson 7", "CSharp lesson 7\CSharp lesson 7.csproj", "{8CDE6C54-BD7B-4B66-8C3D-292945B0E81A}"
EndProject
Global
	GlobalSection(SolutionConfigurationPlatforms) = preSolution
		Debug|Any CPU = Debug|Any CPU
		Release|Any CPU = Release|Any CPU
	EndGlobalSection
	GlobalSection(ProjectConfigurationPlatforms) = postSolution
		{8CDE6C54-BD7B-4B66-8C3D-292945B0E81A}.Debug|Any CPU.ActiveCfg = Debug|Any CPU
		{8CDE6C54-BD7B-4B66-8C3D-292945B0E81A}.Debug|Any CPU.Build.0 = Debug|Any CPU
		{8CDE6C54-BD7B-4B66-8C3D-292945B0E81A}.Release|Any CPU.ActiveCfg = Release|Any CPU
		{8CDE6C54-BD7B-4B66-8C3D-292945B0E81A}.Release|Any CPU.Build.0 = Release|Any CPU
	EndGlobalSection
	GlobalSection(SolutionProperties) = preSolution
		HideSolutionNode = FALSE
	EndGlobalSection
	GlobalSection(ExtensibilityGlobals) = postSolution
		SolutionGuid = {8FE01A93-3409-4717-BA02-2013963D8790}
	EndGlobalSection
EndGlobal
