
Microsoft Visual Studio Solution File, Format Version 12.00
# Visual Studio Version 16
VisualStudioVersion = 16.0.33027.164
MinimumVisualStudioVersion = 10.0.40219.1
Project("{9A19103F-16F7-4668-BE54-9A1E7A4F7556}") = "CSharp lesson9", "CSharp lesson9\CSharp lesson9.csproj", "{37C6A63F-6E5B-49AF-A21D-51AC5FF2A282}"
EndProject
Project("{9A19103F-16F7-4668-BE54-9A1E7A4F7556}") = "Incapsulation", "Incapsulation\Incapsulation.csproj", "{A33F0796-3419-42C6-B80B-0EBC594E64C1}"
EndProject
Project("{9A19103F-16F7-4668-BE54-9A1E7A4F7556}") = "OOP practice", "OOP practice\OOP practice.csproj", "{C9BBB69C-1659-49D3-B594-EEDAAD32A709}"
EndProject
Project("{FAE04EC0-301F-11D3-BF4B-00C04F79EFBC}") = "Virtual Methods", "Virtual Methods\Virtual Methods.csproj", "{64C6E589-262A-41E3-9758-6F3AAC29E860}"
EndProject
Project("{FAE04EC0-301F-11D3-BF4B-00C04F79EFBC}") = "Interfaces", "Interfaces\Interfaces.csproj", "{2FFA4F98-ED51-4801-B082-27C07A0F244E}"
EndProject
Project("{FAE04EC0-301F-11D3-BF4B-00C04F79EFBC}") = "AbstractClasses", "AbstractClasses\AbstractClasses.csproj", "{70BCC478-04F3-4B3D-B636-8953CB72FB0A}"
EndProject
Global
	GlobalSection(SolutionConfigurationPlatforms) = preSolution
		Debug|Any CPU = Debug|Any CPU
		Release|Any CPU = Release|Any CPU
	EndGlobalSection
	GlobalSection(ProjectConfigurationPlatforms) = postSolution
		{37C6A63F-6E5B-49AF-A21D-51AC5FF2A282}.Debug|Any CPU.ActiveCfg = Debug|Any CPU
		{37C6A63F-6E5B-49AF-A21D-51AC5FF2A282}.Debug|Any CPU.Build.0 = Debug|Any CPU
		{37C6A63F-6E5B-49AF-A21D-51AC5FF2A282}.Release|Any CPU.ActiveCfg = Release|Any CPU
		{37C6A63F-6E5B-49AF-A21D-51AC5FF2A282}.Release|Any CPU.Build.0 = Release|Any CPU
		{A33F0796-3419-42C6-B80B-0EBC594E64C1}.Debug|Any CPU.ActiveCfg = Debug|Any CPU
		{A33F0796-3419-42C6-B80B-0EBC594E64C1}.Debug|Any CPU.Build.0 = Debug|Any CPU
		{A33F0796-3419-42C6-B80B-0EBC594E64C1}.Release|Any CPU.ActiveCfg = Release|Any CPU
		{A33F0796-3419-42C6-B80B-0EBC594E64C1}.Release|Any CPU.Build.0 = Release|Any CPU
		{C9BBB69C-1659-49D3-B594-EEDAAD32A709}.Debug|Any CPU.ActiveCfg = Debug|Any CPU
		{C9BBB69C-1659-49D3-B594-EEDAAD32A709}.Debug|Any CPU.Build.0 = Debug|Any CPU
		{C9BBB69C-1659-49D3-B594-EEDAAD32A709}.Release|Any CPU.ActiveCfg = Release|Any CPU
		{C9BBB69C-1659-49D3-B594-EEDAAD32A709}.Release|Any CPU.Build.0 = Release|Any CPU
		{64C6E589-262A-41E3-9758-6F3AAC29E860}.Debug|Any CPU.ActiveCfg = Debug|Any CPU
		{64C6E589-262A-41E3-9758-6F3AAC29E860}.Debug|Any CPU.Build.0 = Debug|Any CPU
		{64C6E589-262A-41E3-9758-6F3AAC29E860}.Release|Any CPU.ActiveCfg = Release|Any CPU
		{64C6E589-262A-41E3-9758-6F3AAC29E860}.Release|Any CPU.Build.0 = Release|Any CPU
		{2FFA4F98-ED51-4801-B082-27C07A0F244E}.Debug|Any CPU.ActiveCfg = Debug|Any CPU
		{2FFA4F98-ED51-4801-B082-27C07A0F244E}.Debug|Any CPU.Build.0 = Debug|Any CPU
		{2FFA4F98-ED51-4801-B082-27C07A0F244E}.Release|Any CPU.ActiveCfg = Release|Any CPU
		{2FFA4F98-ED51-4801-B082-27C07A0F244E}.Release|Any CPU.Build.0 = Release|Any CPU
		{70BCC478-04F3-4B3D-B636-8953CB72FB0A}.Debug|Any CPU.ActiveCfg = Debug|Any CPU
		{70BCC478-04F3-4B3D-B636-8953CB72FB0A}.Debug|Any CPU.Build.0 = Debug|Any CPU
		{70BCC478-04F3-4B3D-B636-8953CB72FB0A}.Release|Any CPU.ActiveCfg = Release|Any CPU
		{70BCC478-04F3-4B3D-B636-8953CB72FB0A}.Release|Any CPU.Build.0 = Release|Any CPU
	EndGlobalSection
	GlobalSection(SolutionProperties) = preSolution
		HideSolutionNode = FALSE
	EndGlobalSection
	GlobalSection(ExtensibilityGlobals) = postSolution
		SolutionGuid = {187C2B4B-45D9-46C8-A7BB-2A559535A42D}
	EndGlobalSection
EndGlobal
