
Microsoft Visual Studio Solution File, Format Version 12.00
# Visual Studio Version 16
VisualStudioVersion = 16.0.33027.164
MinimumVisualStudioVersion = 10.0.40219.1
Project("{FAE04EC0-301F-11D3-BF4B-00C04F79EFBC}") = "Medium LeetCode 11. Container With Most Water", "Medium LeetCode 11. Container With Most Water.csproj", "{6DAFAB6E-1444-4EBA-8C43-6A5E145E3D83}"
EndProject
Global
	GlobalSection(SolutionConfigurationPlatforms) = preSolution
		Debug|Any CPU = Debug|Any CPU
		Release|Any CPU = Release|Any CPU
	EndGlobalSection
	GlobalSection(ProjectConfigurationPlatforms) = postSolution
		{6DAFAB6E-1444-4EBA-8C43-6A5E145E3D83}.Debug|Any CPU.ActiveCfg = Debug|Any CPU
		{6DAFAB6E-1444-4EBA-8C43-6A5E145E3D83}.Debug|Any CPU.Build.0 = Debug|Any CPU
		{6DAFAB6E-1444-4EBA-8C43-6A5E145E3D83}.Release|Any CPU.ActiveCfg = Release|Any CPU
		{6DAFAB6E-1444-4EBA-8C43-6A5E145E3D83}.Release|Any CPU.Build.0 = Release|Any CPU
	EndGlobalSection
	GlobalSection(SolutionProperties) = preSolution
		HideSolutionNode = FALSE
	EndGlobalSection
	GlobalSection(ExtensibilityGlobals) = postSolution
		SolutionGuid = {44BC0B73-0B80-416D-B7B4-3338C3CD6D95}
	EndGlobalSection
EndGlobal
