
Microsoft Visual Studio Solution File, Format Version 12.00
# Visual Studio Version 16
VisualStudioVersion = 16.0.33027.164
MinimumVisualStudioVersion = 10.0.40219.1
Project("{FAE04EC0-301F-11D3-BF4B-00C04F79EFBC}") = "LeetCode 101. Symmetric Tree", "LeetCode 101. Symmetric Tree\LeetCode 101. Symmetric Tree.csproj", "{DE7499DD-0F72-4A86-827B-7034648AD07A}"
EndProject
Global
	GlobalSection(SolutionConfigurationPlatforms) = preSolution
		Debug|Any CPU = Debug|Any CPU
		Release|Any CPU = Release|Any CPU
	EndGlobalSection
	GlobalSection(ProjectConfigurationPlatforms) = postSolution
		{DE7499DD-0F72-4A86-827B-7034648AD07A}.Debug|Any CPU.ActiveCfg = Debug|Any CPU
		{DE7499DD-0F72-4A86-827B-7034648AD07A}.Debug|Any CPU.Build.0 = Debug|Any CPU
		{DE7499DD-0F72-4A86-827B-7034648AD07A}.Release|Any CPU.ActiveCfg = Release|Any CPU
		{DE7499DD-0F72-4A86-827B-7034648AD07A}.Release|Any CPU.Build.0 = Release|Any CPU
	EndGlobalSection
	GlobalSection(SolutionProperties) = preSolution
		HideSolutionNode = FALSE
	EndGlobalSection
	GlobalSection(ExtensibilityGlobals) = postSolution
		SolutionGuid = {90B21A9E-4780-4C98-8E4C-F35FA804A5CB}
	EndGlobalSection
EndGlobal
