
Microsoft Visual Studio Solution File, Format Version 12.00
# Visual Studio Version 16
VisualStudioVersion = 16.0.33027.164
MinimumVisualStudioVersion = 10.0.40219.1
Project("{FAE04EC0-301F-11D3-BF4B-00C04F79EFBC}") = "CSharp lesson 3", "CSharp lesson 3\CSharp lesson 3.csproj", "{C01FEDFB-380E-4DF0-9C03-4F030F1B63B7}"
EndProject
Global
	GlobalSection(SolutionConfigurationPlatforms) = preSolution
		Debug|Any CPU = Debug|Any CPU
		Release|Any CPU = Release|Any CPU
	EndGlobalSection
	GlobalSection(ProjectConfigurationPlatforms) = postSolution
		{C01FEDFB-380E-4DF0-9C03-4F030F1B63B7}.Debug|Any CPU.ActiveCfg = Debug|Any CPU
		{C01FEDFB-380E-4DF0-9C03-4F030F1B63B7}.Debug|Any CPU.Build.0 = Debug|Any CPU
		{C01FEDFB-380E-4DF0-9C03-4F030F1B63B7}.Release|Any CPU.ActiveCfg = Release|Any CPU
		{C01FEDFB-380E-4DF0-9C03-4F030F1B63B7}.Release|Any CPU.Build.0 = Release|Any CPU
	EndGlobalSection
	GlobalSection(SolutionProperties) = preSolution
		HideSolutionNode = FALSE
	EndGlobalSection
	GlobalSection(ExtensibilityGlobals) = postSolution
		SolutionGuid = {D17D3B93-A04C-4A20-BC6A-4B05AF431BAC}
	EndGlobalSection
EndGlobal
