
Microsoft Visual Studio Solution File, Format Version 12.00
# Visual Studio Version 16
VisualStudioVersion = 16.0.33027.164
MinimumVisualStudioVersion = 10.0.40219.1
Project("{FAE04EC0-301F-11D3-BF4B-00C04F79EFBC}") = "LeetCode 746. Min Cost Climbing Stairs", "LeetCode 746. Min Cost Climbing Stairs\LeetCode 746. Min Cost Climbing Stairs.csproj", "{C7BE3FCD-48DF-4E3D-827A-CEDAE65A2989}"
EndProject
Global
	GlobalSection(SolutionConfigurationPlatforms) = preSolution
		Debug|Any CPU = Debug|Any CPU
		Release|Any CPU = Release|Any CPU
	EndGlobalSection
	GlobalSection(ProjectConfigurationPlatforms) = postSolution
		{C7BE3FCD-48DF-4E3D-827A-CEDAE65A2989}.Debug|Any CPU.ActiveCfg = Debug|Any CPU
		{C7BE3FCD-48DF-4E3D-827A-CEDAE65A2989}.Debug|Any CPU.Build.0 = Debug|Any CPU
		{C7BE3FCD-48DF-4E3D-827A-CEDAE65A2989}.Release|Any CPU.ActiveCfg = Release|Any CPU
		{C7BE3FCD-48DF-4E3D-827A-CEDAE65A2989}.Release|Any CPU.Build.0 = Release|Any CPU
	EndGlobalSection
	GlobalSection(SolutionProperties) = preSolution
		HideSolutionNode = FALSE
	EndGlobalSection
	GlobalSection(ExtensibilityGlobals) = postSolution
		SolutionGuid = {521E1047-6069-456E-A275-AE8D9B95CF85}
	EndGlobalSection
EndGlobal
