
Microsoft Visual Studio Solution File, Format Version 12.00
# Visual Studio Version 16
VisualStudioVersion = 16.0.33027.164
MinimumVisualStudioVersion = 10.0.40219.1
Project("{FAE04EC0-301F-11D3-BF4B-00C04F79EFBC}") = "LeetCode 1346. Check If N and Its Double Exist", "LeetCode 1346. Check If N and Its Double Exist\LeetCode 1346. Check If N and Its Double Exist.csproj", "{6DA7C1C8-579A-4139-84F9-3A0A3CA7305A}"
EndProject
Global
	GlobalSection(SolutionConfigurationPlatforms) = preSolution
		Debug|Any CPU = Debug|Any CPU
		Release|Any CPU = Release|Any CPU
	EndGlobalSection
	GlobalSection(ProjectConfigurationPlatforms) = postSolution
		{6DA7C1C8-579A-4139-84F9-3A0A3CA7305A}.Debug|Any CPU.ActiveCfg = Debug|Any CPU
		{6DA7C1C8-579A-4139-84F9-3A0A3CA7305A}.Debug|Any CPU.Build.0 = Debug|Any CPU
		{6DA7C1C8-579A-4139-84F9-3A0A3CA7305A}.Release|Any CPU.ActiveCfg = Release|Any CPU
		{6DA7C1C8-579A-4139-84F9-3A0A3CA7305A}.Release|Any CPU.Build.0 = Release|Any CPU
	EndGlobalSection
	GlobalSection(SolutionProperties) = preSolution
		HideSolutionNode = FALSE
	EndGlobalSection
	GlobalSection(ExtensibilityGlobals) = postSolution
		SolutionGuid = {816E9C28-DE4B-4A31-B708-1D783040E737}
	EndGlobalSection
EndGlobal
