
Microsoft Visual Studio Solution File, Format Version 12.00
# Visual Studio Version 16
VisualStudioVersion = 16.0.33027.164
MinimumVisualStudioVersion = 10.0.40219.1
Project("{FAE04EC0-301F-11D3-BF4B-00C04F79EFBC}") = "LeetCode 35. Search Insert Position", "LeetCode 35. Search Insert Position\LeetCode 35. Search Insert Position.csproj", "{DBA4DFC5-D9BB-40FD-8844-AA0E5AC0360E}"
EndProject
Global
	GlobalSection(SolutionConfigurationPlatforms) = preSolution
		Debug|Any CPU = Debug|Any CPU
		Release|Any CPU = Release|Any CPU
	EndGlobalSection
	GlobalSection(ProjectConfigurationPlatforms) = postSolution
		{DBA4DFC5-D9BB-40FD-8844-AA0E5AC0360E}.Debug|Any CPU.ActiveCfg = Debug|Any CPU
		{DBA4DFC5-D9BB-40FD-8844-AA0E5AC0360E}.Debug|Any CPU.Build.0 = Debug|Any CPU
		{DBA4DFC5-D9BB-40FD-8844-AA0E5AC0360E}.Release|Any CPU.ActiveCfg = Release|Any CPU
		{DBA4DFC5-D9BB-40FD-8844-AA0E5AC0360E}.Release|Any CPU.Build.0 = Release|Any CPU
	EndGlobalSection
	GlobalSection(SolutionProperties) = preSolution
		HideSolutionNode = FALSE
	EndGlobalSection
	GlobalSection(ExtensibilityGlobals) = postSolution
		SolutionGuid = {2E7C14FB-36B6-4CBD-AB82-0C84C20F251B}
	EndGlobalSection
EndGlobal
