
Microsoft Visual Studio Solution File, Format Version 12.00
# Visual Studio Version 16
VisualStudioVersion = 16.0.33027.164
MinimumVisualStudioVersion = 10.0.40219.1
Project("{FAE04EC0-301F-11D3-BF4B-00C04F79EFBC}") = "LeetCode 70. Climbing Stairs", "LeetCode 70. Climbing Stairs\LeetCode 70. Climbing Stairs.csproj", "{9C303F5B-D972-46F8-85F2-7C2993BC94FE}"
EndProject
Global
	GlobalSection(SolutionConfigurationPlatforms) = preSolution
		Debug|Any CPU = Debug|Any CPU
		Release|Any CPU = Release|Any CPU
	EndGlobalSection
	GlobalSection(ProjectConfigurationPlatforms) = postSolution
		{9C303F5B-D972-46F8-85F2-7C2993BC94FE}.Debug|Any CPU.ActiveCfg = Debug|Any CPU
		{9C303F5B-D972-46F8-85F2-7C2993BC94FE}.Debug|Any CPU.Build.0 = Debug|Any CPU
		{9C303F5B-D972-46F8-85F2-7C2993BC94FE}.Release|Any CPU.ActiveCfg = Release|Any CPU
		{9C303F5B-D972-46F8-85F2-7C2993BC94FE}.Release|Any CPU.Build.0 = Release|Any CPU
	EndGlobalSection
	GlobalSection(SolutionProperties) = preSolution
		HideSolutionNode = FALSE
	EndGlobalSection
	GlobalSection(ExtensibilityGlobals) = postSolution
		SolutionGuid = {67C819A8-7EE0-4BB7-857C-35CF227775C5}
	EndGlobalSection
EndGlobal
