
Microsoft Visual Studio Solution File, Format Version 12.00
# Visual Studio Version 16
VisualStudioVersion = 16.0.33027.164
MinimumVisualStudioVersion = 10.0.40219.1
Project("{FAE04EC0-301F-11D3-BF4B-00C04F79EFBC}") = "LeetCode 643. Maximum Average Subarray I", "LeetCode 643. Maximum Average Subarray I\LeetCode 643. Maximum Average Subarray I.csproj", "{4CE67889-8255-42C2-A700-86BCABEC338A}"
EndProject
Global
	GlobalSection(SolutionConfigurationPlatforms) = preSolution
		Debug|Any CPU = Debug|Any CPU
		Release|Any CPU = Release|Any CPU
	EndGlobalSection
	GlobalSection(ProjectConfigurationPlatforms) = postSolution
		{4CE67889-8255-42C2-A700-86BCABEC338A}.Debug|Any CPU.ActiveCfg = Debug|Any CPU
		{4CE67889-8255-42C2-A700-86BCABEC338A}.Debug|Any CPU.Build.0 = Debug|Any CPU
		{4CE67889-8255-42C2-A700-86BCABEC338A}.Release|Any CPU.ActiveCfg = Release|Any CPU
		{4CE67889-8255-42C2-A700-86BCABEC338A}.Release|Any CPU.Build.0 = Release|Any CPU
	EndGlobalSection
	GlobalSection(SolutionProperties) = preSolution
		HideSolutionNode = FALSE
	EndGlobalSection
	GlobalSection(ExtensibilityGlobals) = postSolution
		SolutionGuid = {D13D8EAA-2291-4037-ACA2-632FDD89A8F0}
	EndGlobalSection
EndGlobal
