
Microsoft Visual Studio Solution File, Format Version 12.00
# Visual Studio Version 16
VisualStudioVersion = 16.0.33027.164
MinimumVisualStudioVersion = 10.0.40219.1
Project("{FAE04EC0-301F-11D3-BF4B-00C04F79EFBC}") = "LeetCode 66. Plus One", "LeetCode 66. Plus One\LeetCode 66. Plus One.csproj", "{83D9782A-F85D-4596-8A57-E3DDB2375C4F}"
EndProject
Global
	GlobalSection(SolutionConfigurationPlatforms) = preSolution
		Debug|Any CPU = Debug|Any CPU
		Release|Any CPU = Release|Any CPU
	EndGlobalSection
	GlobalSection(ProjectConfigurationPlatforms) = postSolution
		{83D9782A-F85D-4596-8A57-E3DDB2375C4F}.Debug|Any CPU.ActiveCfg = Debug|Any CPU
		{83D9782A-F85D-4596-8A57-E3DDB2375C4F}.Debug|Any CPU.Build.0 = Debug|Any CPU
		{83D9782A-F85D-4596-8A57-E3DDB2375C4F}.Release|Any CPU.ActiveCfg = Release|Any CPU
		{83D9782A-F85D-4596-8A57-E3DDB2375C4F}.Release|Any CPU.Build.0 = Release|Any CPU
	EndGlobalSection
	GlobalSection(SolutionProperties) = preSolution
		HideSolutionNode = FALSE
	EndGlobalSection
	GlobalSection(ExtensibilityGlobals) = postSolution
		SolutionGuid = {8323D175-E52E-4D96-94F4-50BFC9E0BFFD}
	EndGlobalSection
EndGlobal
