
Microsoft Visual Studio Solution File, Format Version 12.00
# Visual Studio Version 16
VisualStudioVersion = 16.0.33027.164
MinimumVisualStudioVersion = 10.0.40219.1
Project("{8BC9CEB8-8B4A-11D0-8D11-00A0C91BC942}") = "Medium LeetCode 121. Best Time to Buy and Sell Stock", "Medium LeetCode 121. Best Time to Buy and Sell Stock\Medium LeetCode 121. Best Time to Buy and Sell Stock.vcxproj", "{8DA19AA4-38C8-4AF7-8895-4FD615DF0645}"
EndProject
Global
	GlobalSection(SolutionConfigurationPlatforms) = preSolution
		Debug|x64 = Debug|x64
		Debug|x86 = Debug|x86
		Release|x64 = Release|x64
		Release|x86 = Release|x86
	EndGlobalSection
	GlobalSection(ProjectConfigurationPlatforms) = postSolution
		{8DA19AA4-38C8-4AF7-8895-4FD615DF0645}.Debug|x64.ActiveCfg = Debug|x64
		{8DA19AA4-38C8-4AF7-8895-4FD615DF0645}.Debug|x64.Build.0 = Debug|x64
		{8DA19AA4-38C8-4AF7-8895-4FD615DF0645}.Debug|x86.ActiveCfg = Debug|Win32
		{8DA19AA4-38C8-4AF7-8895-4FD615DF0645}.Debug|x86.Build.0 = Debug|Win32
		{8DA19AA4-38C8-4AF7-8895-4FD615DF0645}.Release|x64.ActiveCfg = Release|x64
		{8DA19AA4-38C8-4AF7-8895-4FD615DF0645}.Release|x64.Build.0 = Release|x64
		{8DA19AA4-38C8-4AF7-8895-4FD615DF0645}.Release|x86.ActiveCfg = Release|Win32
		{8DA19AA4-38C8-4AF7-8895-4FD615DF0645}.Release|x86.Build.0 = Release|Win32
	EndGlobalSection
	GlobalSection(SolutionProperties) = preSolution
		HideSolutionNode = FALSE
	EndGlobalSection
	GlobalSection(ExtensibilityGlobals) = postSolution
		SolutionGuid = {073F40CB-1724-4904-8AF2-B801571CAB6D}
	EndGlobalSection
EndGlobal
