
Microsoft Visual Studio Solution File, Format Version 12.00
# Visual Studio Version 16
VisualStudioVersion = 16.0.33027.164
MinimumVisualStudioVersion = 10.0.40219.1
Project("{FAE04EC0-301F-11D3-BF4B-00C04F79EFBC}") = "LeetCode Remove Linked List element", "LeetCode Remove Linked List element\LeetCode Remove Linked List element.csproj", "{9D14C5C3-C447-4BB4-BE5D-A691ECE18204}"
EndProject
Global
	GlobalSection(SolutionConfigurationPlatforms) = preSolution
		Debug|Any CPU = Debug|Any CPU
		Release|Any CPU = Release|Any CPU
	EndGlobalSection
	GlobalSection(ProjectConfigurationPlatforms) = postSolution
		{9D14C5C3-C447-4BB4-BE5D-A691ECE18204}.Debug|Any CPU.ActiveCfg = Debug|Any CPU
		{9D14C5C3-C447-4BB4-BE5D-A691ECE18204}.Debug|Any CPU.Build.0 = Debug|Any CPU
		{9D14C5C3-C447-4BB4-BE5D-A691ECE18204}.Release|Any CPU.ActiveCfg = Release|Any CPU
		{9D14C5C3-C447-4BB4-BE5D-A691ECE18204}.Release|Any CPU.Build.0 = Release|Any CPU
	EndGlobalSection
	GlobalSection(SolutionProperties) = preSolution
		HideSolutionNode = FALSE
	EndGlobalSection
	GlobalSection(ExtensibilityGlobals) = postSolution
		SolutionGuid = {D86F0D06-A7FB-4DAD-8AFF-E7E709AEC9D7}
	EndGlobalSection
EndGlobal
