
Microsoft Visual Studio Solution File, Format Version 12.00
# Visual Studio Version 16
VisualStudioVersion = 16.0.33027.164
MinimumVisualStudioVersion = 10.0.40219.1
Project("{FAE04EC0-301F-11D3-BF4B-00C04F79EFBC}") = "LeetCode 141. Linked List Cycle", "LeetCode 141. Linked List Cycle.csproj", "{D8630286-0996-40D7-982F-A08EED6F06F5}"
EndProject
Global
	GlobalSection(SolutionConfigurationPlatforms) = preSolution
		Debug|Any CPU = Debug|Any CPU
		Release|Any CPU = Release|Any CPU
	EndGlobalSection
	GlobalSection(ProjectConfigurationPlatforms) = postSolution
		{D8630286-0996-40D7-982F-A08EED6F06F5}.Debug|Any CPU.ActiveCfg = Debug|Any CPU
		{D8630286-0996-40D7-982F-A08EED6F06F5}.Debug|Any CPU.Build.0 = Debug|Any CPU
		{D8630286-0996-40D7-982F-A08EED6F06F5}.Release|Any CPU.ActiveCfg = Release|Any CPU
		{D8630286-0996-40D7-982F-A08EED6F06F5}.Release|Any CPU.Build.0 = Release|Any CPU
	EndGlobalSection
	GlobalSection(SolutionProperties) = preSolution
		HideSolutionNode = FALSE
	EndGlobalSection
	GlobalSection(ExtensibilityGlobals) = postSolution
		SolutionGuid = {4B29DD44-1E1D-4DD5-858A-DF46FFE2848C}
	EndGlobalSection
EndGlobal
